
Microsoft Visual Studio Solution File, Format Version 12.00
# Visual Studio Version 16
VisualStudioVersion = 16.0.30907.101
MinimumVisualStudioVersion = 10.0.40219.1
Project("{FAE04EC0-301F-11D3-BF4B-00C04F79EFBC}") = "EngineControlTool", "EngineControlTool\EngineControlTool.csproj", "{22D48D59-68C3-4DD1-9CE4-F69029BB170B}"
EndProject
Global
	GlobalSection(SolutionConfigurationPlatforms) = preSolution
		Debug|Any CPU = Debug|Any CPU
		Release|Any CPU = Release|Any CPU
	EndGlobalSection
	GlobalSection(ProjectConfigurationPlatforms) = postSolution
		{22D48D59-68C3-4DD1-9CE4-F69029BB170B}.Debug|Any CPU.ActiveCfg = Debug|Any CPU
		{22D48D59-68C3-4DD1-9CE4-F69029BB170B}.Debug|Any CPU.Build.0 = Debug|Any CPU
		{22D48D59-68C3-4DD1-9CE4-F69029BB170B}.Release|Any CPU.ActiveCfg = Release|Any CPU
		{22D48D59-68C3-4DD1-9CE4-F69029BB170B}.Release|Any CPU.Build.0 = Release|Any CPU
	EndGlobalSection
	GlobalSection(SolutionProperties) = preSolution
		HideSolutionNode = FALSE
	EndGlobalSection
	GlobalSection(ExtensibilityGlobals) = postSolution
		SolutionGuid = {B133BED3-C7C8-4C27-935C-DA1C67BD8AB3}
	EndGlobalSection
EndGlobal
